// !$*UTF8*$!
{
	archiveVersion = 1;
	classes = {
	};
	objectVersion = 46;
	objects = {

/* Begin PBXBuildFile section */
		BCCB059E1C104C3A00361BAE /* AppDelegate.swift in Sources */ = {isa = PBXBuildFile; fileRef = BCCB059D1C104C3A00361BAE /* AppDelegate.swift */; };
		BCCB05A01C104C3A00361BAE /* FirstViewController.swift in Sources */ = {isa = PBXBuildFile; fileRef = BCCB059F1C104C3A00361BAE /* FirstViewController.swift */; };
		BCCB05A21C104C3A00361BAE /* SecondViewController.swift in Sources */ = {isa = PBXBuildFile; fileRef = BCCB05A11C104C3A00361BAE /* SecondViewController.swift */; };
		BCCB05A51C104C3A00361BAE /* Main.storyboard in Resources */ = {isa = PBXBuildFile; fileRef = BCCB05A31C104C3A00361BAE /* Main.storyboard */; };
		BCCB05A71C104C3A00361BAE /* Assets.xcassets in Resources */ = {isa = PBXBuildFile; fileRef = BCCB05A61C104C3A00361BAE /* Assets.xcassets */; };
		BCCB05AA1C104C3A00361BAE /* LaunchScreen.storyboard in Resources */ = {isa = PBXBuildFile; fileRef = BCCB05A81C104C3A00361BAE /* LaunchScreen.storyboard */; };
		BCCB05B71C104D7100361BAE /* Interface.storyboard in Resources */ = {isa = PBXBuildFile; fileRef = BCCB05B51C104D7100361BAE /* Interface.storyboard */; };
		BCCB05B91C104D7100361BAE /* Assets.xcassets in Resources */ = {isa = PBXBuildFile; fileRef = BCCB05B81C104D7100361BAE /* Assets.xcassets */; };
		BCCB05C01C104D7100361BAE /* MarsAppWatch Extension.appex in Embed App Extensions */ = {isa = PBXBuildFile; fileRef = BCCB05BF1C104D7100361BAE /* MarsAppWatch Extension.appex */; settings = {ATTRIBUTES = (RemoveHeadersOnCopy, ); }; };
		BCCB05C71C104D7100361BAE /* InterfaceController.swift in Sources */ = {isa = PBXBuildFile; fileRef = BCCB05C61C104D7100361BAE /* InterfaceController.swift */; };
		BCCB05C91C104D7100361BAE /* ExtensionDelegate.swift in Sources */ = {isa = PBXBuildFile; fileRef = BCCB05C81C104D7100361BAE /* ExtensionDelegate.swift */; };
		BCCB05CB1C104D7100361BAE /* NotificationController.swift in Sources */ = {isa = PBXBuildFile; fileRef = BCCB05CA1C104D7100361BAE /* NotificationController.swift */; };
		BCCB05CD1C104D7100361BAE /* GlanceController.swift in Sources */ = {isa = PBXBuildFile; fileRef = BCCB05CC1C104D7100361BAE /* GlanceController.swift */; };
		BCCB05CF1C104D7100361BAE /* Assets.xcassets in Resources */ = {isa = PBXBuildFile; fileRef = BCCB05CE1C104D7100361BAE /* Assets.xcassets */; };
		BCCB05D31C104D7100361BAE /* MarsAppWatch.app in Embed Watch Content */ = {isa = PBXBuildFile; fileRef = BCCB05B31C104D7100361BAE /* MarsAppWatch.app */; };
		BCCB05DF1C10500000361BAE /* HealthKit.framework in Frameworks */ = {isa = PBXBuildFile; fileRef = BCCB05DE1C10500000361BAE /* HealthKit.framework */; };
/* End PBXBuildFile section */

/* Begin PBXContainerItemProxy section */
		BCCB05C11C104D7100361BAE /* PBXContainerItemProxy */ = {
			isa = PBXContainerItemProxy;
			containerPortal = BCCB05921C104C3A00361BAE /* Project object */;
			proxyType = 1;
			remoteGlobalIDString = BCCB05BE1C104D7100361BAE;
			remoteInfo = "MarsAppWatch Extension";
		};
		BCCB05D11C104D7100361BAE /* PBXContainerItemProxy */ = {
			isa = PBXContainerItemProxy;
			containerPortal = BCCB05921C104C3A00361BAE /* Project object */;
			proxyType = 1;
			remoteGlobalIDString = BCCB05B21C104D7100361BAE;
			remoteInfo = MarsAppWatch;
		};
/* End PBXContainerItemProxy section */

/* Begin PBXCopyFilesBuildPhase section */
		BCCB05D71C104D7100361BAE /* Embed App Extensions */ = {
			isa = PBXCopyFilesBuildPhase;
			buildActionMask = 2147483647;
			dstPath = "";
			dstSubfolderSpec = 13;
			files = (
				BCCB05C01C104D7100361BAE /* MarsAppWatch Extension.appex in Embed App Extensions */,
			);
			name = "Embed App Extensions";
			runOnlyForDeploymentPostprocessing = 0;
		};
		BCCB05DB1C104D7100361BAE /* Embed Watch Content */ = {
			isa = PBXCopyFilesBuildPhase;
			buildActionMask = 2147483647;
			dstPath = "$(CONTENTS_FOLDER_PATH)/Watch";
			dstSubfolderSpec = 16;
			files = (
				BCCB05D31C104D7100361BAE /* MarsAppWatch.app in Embed Watch Content */,
			);
			name = "Embed Watch Content";
			runOnlyForDeploymentPostprocessing = 0;
		};
/* End PBXCopyFilesBuildPhase section */

/* Begin PBXFileReference section */
		BCCB059A1C104C3A00361BAE /* MarsApp.app */ = {isa = PBXFileReference; explicitFileType = wrapper.application; includeInIndex = 0; path = MarsApp.app; sourceTree = BUILT_PRODUCTS_DIR; };
		BCCB059D1C104C3A00361BAE /* AppDelegate.swift */ = {isa = PBXFileReference; lastKnownFileType = sourcecode.swift; path = AppDelegate.swift; sourceTree = "<group>"; };
		BCCB059F1C104C3A00361BAE /* FirstViewController.swift */ = {isa = PBXFileReference; lastKnownFileType = sourcecode.swift; path = FirstViewController.swift; sourceTree = "<group>"; };
		BCCB05A11C104C3A00361BAE /* SecondViewController.swift */ = {isa = PBXFileReference; lastKnownFileType = sourcecode.swift; path = SecondViewController.swift; sourceTree = "<group>"; };
		BCCB05A41C104C3A00361BAE /* Base */ = {isa = PBXFileReference; lastKnownFileType = file.storyboard; name = Base; path = Base.lproj/Main.storyboard; sourceTree = "<group>"; };
		BCCB05A61C104C3A00361BAE /* Assets.xcassets */ = {isa = PBXFileReference; lastKnownFileType = folder.assetcatalog; path = Assets.xcassets; sourceTree = "<group>"; };
		BCCB05A91C104C3A00361BAE /* Base */ = {isa = PBXFileReference; lastKnownFileType = file.storyboard; name = Base; path = Base.lproj/LaunchScreen.storyboard; sourceTree = "<group>"; };
		BCCB05AB1C104C3A00361BAE /* Info.plist */ = {isa = PBXFileReference; lastKnownFileType = text.plist.xml; path = Info.plist; sourceTree = "<group>"; };
		BCCB05B31C104D7100361BAE /* MarsAppWatch.app */ = {isa = PBXFileReference; explicitFileType = wrapper.application; includeInIndex = 0; path = MarsAppWatch.app; sourceTree = BUILT_PRODUCTS_DIR; };
		BCCB05B61C104D7100361BAE /* Base */ = {isa = PBXFileReference; lastKnownFileType = file.storyboard; name = Base; path = Base.lproj/Interface.storyboard; sourceTree = "<group>"; };
		BCCB05B81C104D7100361BAE /* Assets.xcassets */ = {isa = PBXFileReference; lastKnownFileType = folder.assetcatalog; path = Assets.xcassets; sourceTree = "<group>"; };
		BCCB05BA1C104D7100361BAE /* Info.plist */ = {isa = PBXFileReference; lastKnownFileType = text.plist.xml; path = Info.plist; sourceTree = "<group>"; };
		BCCB05BF1C104D7100361BAE /* MarsAppWatch Extension.appex */ = {isa = PBXFileReference; explicitFileType = "wrapper.app-extension"; includeInIndex = 0; path = "MarsAppWatch Extension.appex"; sourceTree = BUILT_PRODUCTS_DIR; };
		BCCB05C51C104D7100361BAE /* PushNotificationPayload.apns */ = {isa = PBXFileReference; lastKnownFileType = text; path = PushNotificationPayload.apns; sourceTree = "<group>"; };
		BCCB05C61C104D7100361BAE /* InterfaceController.swift */ = {isa = PBXFileReference; lastKnownFileType = sourcecode.swift; path = InterfaceController.swift; sourceTree = "<group>"; };
		BCCB05C81C104D7100361BAE /* ExtensionDelegate.swift */ = {isa = PBXFileReference; lastKnownFileType = sourcecode.swift; path = ExtensionDelegate.swift; sourceTree = "<group>"; };
		BCCB05CA1C104D7100361BAE /* NotificationController.swift */ = {isa = PBXFileReference; lastKnownFileType = sourcecode.swift; path = NotificationController.swift; sourceTree = "<group>"; };
		BCCB05CC1C104D7100361BAE /* GlanceController.swift */ = {isa = PBXFileReference; lastKnownFileType = sourcecode.swift; path = GlanceController.swift; sourceTree = "<group>"; };
		BCCB05CE1C104D7100361BAE /* Assets.xcassets */ = {isa = PBXFileReference; lastKnownFileType = folder.assetcatalog; path = Assets.xcassets; sourceTree = "<group>"; };
		BCCB05D01C104D7100361BAE /* Info.plist */ = {isa = PBXFileReference; lastKnownFileType = text.plist.xml; path = Info.plist; sourceTree = "<group>"; };
		BCCB05DC1C104F1900361BAE /* MarsAppWatch.entitlements */ = {isa = PBXFileReference; lastKnownFileType = text.xml; path = MarsAppWatch.entitlements; sourceTree = "<group>"; };
		BCCB05DD1C104FC900361BAE /* MarsAppWatch Extension.entitlements */ = {isa = PBXFileReference; lastKnownFileType = text.xml; path = "MarsAppWatch Extension.entitlements"; sourceTree = "<group>"; };
		BCCB05DE1C10500000361BAE /* HealthKit.framework */ = {isa = PBXFileReference; lastKnownFileType = wrapper.framework; name = HealthKit.framework; path = Platforms/WatchOS.platform/Developer/SDKs/WatchOS2.0.sdk/System/Library/Frameworks/HealthKit.framework; sourceTree = DEVELOPER_DIR; };
/* End PBXFileReference section */

/* Begin PBXFrameworksBuildPhase section */
		BCCB05971C104C3A00361BAE /* Frameworks */ = {
			isa = PBXFrameworksBuildPhase;
			buildActionMask = 2147483647;
			files = (
			);
			runOnlyForDeploymentPostprocessing = 0;
		};
		BCCB05BC1C104D7100361BAE /* Frameworks */ = {
			isa = PBXFrameworksBuildPhase;
			buildActionMask = 2147483647;
			files = (
				BCCB05DF1C10500000361BAE /* HealthKit.framework in Frameworks */,
			);
			runOnlyForDeploymentPostprocessing = 0;
		};
/* End PBXFrameworksBuildPhase section */

/* Begin PBXGroup section */
		BCB051311C119A3E008CAC66 /* Controller */ = {
			isa = PBXGroup;
			children = (
			);
			name = Controller;
			sourceTree = "<group>";
		};
		BCCB05911C104C3A00361BAE = {
			isa = PBXGroup;
			children = (
				BCCB05DE1C10500000361BAE /* HealthKit.framework */,
				BCCB059C1C104C3A00361BAE /* MarsApp */,
				BCCB05B41C104D7100361BAE /* MarsAppWatch */,
				BCCB05C31C104D7100361BAE /* MarsAppWatch Extension */,
				BCCB059B1C104C3A00361BAE /* Products */,
			);
			sourceTree = "<group>";
		};
		BCCB059B1C104C3A00361BAE /* Products */ = {
			isa = PBXGroup;
			children = (
				BCCB059A1C104C3A00361BAE /* MarsApp.app */,
				BCCB05B31C104D7100361BAE /* MarsAppWatch.app */,
				BCCB05BF1C104D7100361BAE /* MarsAppWatch Extension.appex */,
			);
			name = Products;
			sourceTree = "<group>";
		};
		BCCB059C1C104C3A00361BAE /* MarsApp */ = {
			isa = PBXGroup;
			children = (
				BCB051311C119A3E008CAC66 /* Controller */,
				BCCB059D1C104C3A00361BAE /* AppDelegate.swift */,
				BCCB059F1C104C3A00361BAE /* FirstViewController.swift */,
				BCCB05A11C104C3A00361BAE /* SecondViewController.swift */,
				BCCB05A31C104C3A00361BAE /* Main.storyboard */,
				BCCB05A61C104C3A00361BAE /* Assets.xcassets */,
				BCCB05A81C104C3A00361BAE /* LaunchScreen.storyboard */,
				BCCB05AB1C104C3A00361BAE /* Info.plist */,
			);
			path = MarsApp;
			sourceTree = "<group>";
		};
		BCCB05B41C104D7100361BAE /* MarsAppWatch */ = {
			isa = PBXGroup;
			children = (
				BCCB05DC1C104F1900361BAE /* MarsAppWatch.entitlements */,
				BCCB05B51C104D7100361BAE /* Interface.storyboard */,
				BCCB05B81C104D7100361BAE /* Assets.xcassets */,
				BCCB05BA1C104D7100361BAE /* Info.plist */,
			);
			path = MarsAppWatch;
			sourceTree = "<group>";
		};
		BCCB05C31C104D7100361BAE /* MarsAppWatch Extension */ = {
			isa = PBXGroup;
			children = (
				BCCB05DD1C104FC900361BAE /* MarsAppWatch Extension.entitlements */,
				BCCB05C61C104D7100361BAE /* InterfaceController.swift */,
				BCCB05C81C104D7100361BAE /* ExtensionDelegate.swift */,
				BCCB05CA1C104D7100361BAE /* NotificationController.swift */,
				BCCB05CC1C104D7100361BAE /* GlanceController.swift */,
				BCCB05CE1C104D7100361BAE /* Assets.xcassets */,
				BCCB05D01C104D7100361BAE /* Info.plist */,
				BCCB05C41C104D7100361BAE /* Supporting Files */,
			);
			path = "MarsAppWatch Extension";
			sourceTree = "<group>";
		};
		BCCB05C41C104D7100361BAE /* Supporting Files */ = {
			isa = PBXGroup;
			children = (
				BCCB05C51C104D7100361BAE /* PushNotificationPayload.apns */,
			);
			name = "Supporting Files";
			sourceTree = "<group>";
		};
/* End PBXGroup section */

/* Begin PBXNativeTarget section */
		BCCB05991C104C3A00361BAE /* MarsApp */ = {
			isa = PBXNativeTarget;
			buildConfigurationList = BCCB05AE1C104C3A00361BAE /* Build configuration list for PBXNativeTarget "MarsApp" */;
			buildPhases = (
				BCCB05961C104C3A00361BAE /* Sources */,
				BCCB05971C104C3A00361BAE /* Frameworks */,
				BCCB05981C104C3A00361BAE /* Resources */,
				BCCB05DB1C104D7100361BAE /* Embed Watch Content */,
			);
			buildRules = (
			);
			dependencies = (
				BCCB05D21C104D7100361BAE /* PBXTargetDependency */,
			);
			name = MarsApp;
			productName = MarsApp;
			productReference = BCCB059A1C104C3A00361BAE /* MarsApp.app */;
			productType = "com.apple.product-type.application";
		};
		BCCB05B21C104D7100361BAE /* MarsAppWatch */ = {
			isa = PBXNativeTarget;
			buildConfigurationList = BCCB05D81C104D7100361BAE /* Build configuration list for PBXNativeTarget "MarsAppWatch" */;
			buildPhases = (
				BCCB05B11C104D7100361BAE /* Resources */,
				BCCB05D71C104D7100361BAE /* Embed App Extensions */,
			);
			buildRules = (
			);
			dependencies = (
				BCCB05C21C104D7100361BAE /* PBXTargetDependency */,
			);
			name = MarsAppWatch;
			productName = MarsAppWatch;
			productReference = BCCB05B31C104D7100361BAE /* MarsAppWatch.app */;
			productType = "com.apple.product-type.application.watchapp2";
		};
		BCCB05BE1C104D7100361BAE /* MarsAppWatch Extension */ = {
			isa = PBXNativeTarget;
			buildConfigurationList = BCCB05D41C104D7100361BAE /* Build configuration list for PBXNativeTarget "MarsAppWatch Extension" */;
			buildPhases = (
				BCCB05BB1C104D7100361BAE /* Sources */,
				BCCB05BC1C104D7100361BAE /* Frameworks */,
				BCCB05BD1C104D7100361BAE /* Resources */,
			);
			buildRules = (
			);
			dependencies = (
			);
			name = "MarsAppWatch Extension";
			productName = "MarsAppWatch Extension";
			productReference = BCCB05BF1C104D7100361BAE /* MarsAppWatch Extension.appex */;
			productType = "com.apple.product-type.watchkit2-extension";
		};
/* End PBXNativeTarget section */

/* Begin PBXProject section */
		BCCB05921C104C3A00361BAE /* Project object */ = {
			isa = PBXProject;
			attributes = {
				LastSwiftUpdateCheck = 0710;
				LastUpgradeCheck = 0710;
				ORGANIZATIONNAME = "Niklas Mayr";
				TargetAttributes = {
					BCCB05991C104C3A00361BAE = {
						CreatedOnToolsVersion = 7.1.1;
					};
					BCCB05B21C104D7100361BAE = {
						CreatedOnToolsVersion = 7.1.1;
						DevelopmentTeam = 39RKS2N634;
						SystemCapabilities = {
							com.apple.ApplicationGroups.iOS = {
								enabled = 0;
							};
						};
					};
					BCCB05BE1C104D7100361BAE = {
						CreatedOnToolsVersion = 7.1.1;
						DevelopmentTeam = 39RKS2N634;
						SystemCapabilities = {
							com.apple.ApplicationGroups.iOS = {
								enabled = 1;
							};
							com.apple.HealthKit = {
								enabled = 1;
							};
						};
					};
				};
			};
			buildConfigurationList = BCCB05951C104C3A00361BAE /* Build configuration list for PBXProject "MarsApp" */;
			compatibilityVersion = "Xcode 3.2";
			developmentRegion = English;
			hasScannedForEncodings = 0;
			knownRegions = (
				en,
				Base,
			);
			mainGroup = BCCB05911C104C3A00361BAE;
			productRefGroup = BCCB059B1C104C3A00361BAE /* Products */;
			projectDirPath = "";
			projectRoot = "";
			targets = (
				BCCB05991C104C3A00361BAE /* MarsApp */,
				BCCB05B21C104D7100361BAE /* MarsAppWatch */,
				BCCB05BE1C104D7100361BAE /* MarsAppWatch Extension */,
			);
		};
/* End PBXProject section */

/* Begin PBXResourcesBuildPhase section */
		BCCB05981C104C3A00361BAE /* Resources */ = {
			isa = PBXResourcesBuildPhase;
			buildActionMask = 2147483647;
			files = (
				BCCB05AA1C104C3A00361BAE /* LaunchScreen.storyboard in Resources */,
				BCCB05A71C104C3A00361BAE /* Assets.xcassets in Resources */,
				BCCB05A51C104C3A00361BAE /* Main.storyboard in Resources */,
			);
			runOnlyForDeploymentPostprocessing = 0;
		};
		BCCB05B11C104D7100361BAE /* Resources */ = {
			isa = PBXResourcesBuildPhase;
			buildActionMask = 2147483647;
			files = (
				BCCB05B91C104D7100361BAE /* Assets.xcassets in Resources */,
				BCCB05B71C104D7100361BAE /* Interface.storyboard in Resources */,
			);
			runOnlyForDeploymentPostprocessing = 0;
		};
		BCCB05BD1C104D7100361BAE /* Resources */ = {
			isa = PBXResourcesBuildPhase;
			buildActionMask = 2147483647;
			files = (
				BCCB05CF1C104D7100361BAE /* Assets.xcassets in Resources */,
			);
			runOnlyForDeploymentPostprocessing = 0;
		};
/* End PBXResourcesBuildPhase section */

/* Begin PBXSourcesBuildPhase section */
		BCCB05961C104C3A00361BAE /* Sources */ = {
			isa = PBXSourcesBuildPhase;
			buildActionMask = 2147483647;
			files = (
				BCCB05A21C104C3A00361BAE /* SecondViewController.swift in Sources */,
				BCCB059E1C104C3A00361BAE /* AppDelegate.swift in Sources */,
				BCCB05A01C104C3A00361BAE /* FirstViewController.swift in Sources */,
			);
			runOnlyForDeploymentPostprocessing = 0;
		};
		BCCB05BB1C104D7100361BAE /* Sources */ = {
			isa = PBXSourcesBuildPhase;
			buildActionMask = 2147483647;
			files = (
				BCCB05CB1C104D7100361BAE /* NotificationController.swift in Sources */,
				BCCB05C91C104D7100361BAE /* ExtensionDelegate.swift in Sources */,
				BCCB05C71C104D7100361BAE /* InterfaceController.swift in Sources */,
				BCCB05CD1C104D7100361BAE /* GlanceController.swift in Sources */,
			);
			runOnlyForDeploymentPostprocessing = 0;
		};
/* End PBXSourcesBuildPhase section */

/* Begin PBXTargetDependency section */
		BCCB05C21C104D7100361BAE /* PBXTargetDependency */ = {
			isa = PBXTargetDependency;
			target = BCCB05BE1C104D7100361BAE /* MarsAppWatch Extension */;
			targetProxy = BCCB05C11C104D7100361BAE /* PBXContainerItemProxy */;
		};
		BCCB05D21C104D7100361BAE /* PBXTargetDependency */ = {
			isa = PBXTargetDependency;
			target = BCCB05B21C104D7100361BAE /* MarsAppWatch */;
			targetProxy = BCCB05D11C104D7100361BAE /* PBXContainerItemProxy */;
		};
/* End PBXTargetDependency section */

/* Begin PBXVariantGroup section */
		BCCB05A31C104C3A00361BAE /* Main.storyboard */ = {
			isa = PBXVariantGroup;
			children = (
				BCCB05A41C104C3A00361BAE /* Base */,
			);
			name = Main.storyboard;
			sourceTree = "<group>";
		};
		BCCB05A81C104C3A00361BAE /* LaunchScreen.storyboard */ = {
			isa = PBXVariantGroup;
			children = (
				BCCB05A91C104C3A00361BAE /* Base */,
			);
			name = LaunchScreen.storyboard;
			sourceTree = "<group>";
		};
		BCCB05B51C104D7100361BAE /* Interface.storyboard */ = {
			isa = PBXVariantGroup;
			children = (
				BCCB05B61C104D7100361BAE /* Base */,
			);
			name = Interface.storyboard;
			sourceTree = "<group>";
		};
/* End PBXVariantGroup section */

/* Begin XCBuildConfiguration section */
		BCCB05AC1C104C3A00361BAE /* Debug */ = {
			isa = XCBuildConfiguration;
			buildSettings = {
				ALWAYS_SEARCH_USER_PATHS = NO;
				CLANG_CXX_LANGUAGE_STANDARD = "gnu++0x";
				CLANG_CXX_LIBRARY = "libc++";
				CLANG_ENABLE_MODULES = YES;
				CLANG_ENABLE_OBJC_ARC = YES;
				CLANG_WARN_BOOL_CONVERSION = YES;
				CLANG_WARN_CONSTANT_CONVERSION = YES;
				CLANG_WARN_DIRECT_OBJC_ISA_USAGE = YES_ERROR;
				CLANG_WARN_EMPTY_BODY = YES;
				CLANG_WARN_ENUM_CONVERSION = YES;
				CLANG_WARN_INT_CONVERSION = YES;
				CLANG_WARN_OBJC_ROOT_CLASS = YES_ERROR;
				CLANG_WARN_UNREACHABLE_CODE = YES;
				CLANG_WARN__DUPLICATE_METHOD_MATCH = YES;
				"CODE_SIGN_IDENTITY[sdk=iphoneos*]" = "iPhone Developer";
				COPY_PHASE_STRIP = NO;
				DEBUG_INFORMATION_FORMAT = dwarf;
				ENABLE_STRICT_OBJC_MSGSEND = YES;
				ENABLE_TESTABILITY = YES;
				GCC_C_LANGUAGE_STANDARD = gnu99;
				GCC_DYNAMIC_NO_PIC = NO;
				GCC_NO_COMMON_BLOCKS = YES;
				GCC_OPTIMIZATION_LEVEL = 0;
				GCC_PREPROCESSOR_DEFINITIONS = (
					"DEBUG=1",
					"$(inherited)",
				);
				GCC_WARN_64_TO_32_BIT_CONVERSION = YES;
				GCC_WARN_ABOUT_RETURN_TYPE = YES_ERROR;
				GCC_WARN_UNDECLARED_SELECTOR = YES;
				GCC_WARN_UNINITIALIZED_AUTOS = YES_AGGRESSIVE;
				GCC_WARN_UNUSED_FUNCTION = YES;
				GCC_WARN_UNUSED_VARIABLE = YES;
				IPHONEOS_DEPLOYMENT_TARGET = 9.1;
				MTL_ENABLE_DEBUG_INFO = YES;
				ONLY_ACTIVE_ARCH = YES;
				SDKROOT = iphoneos;
				SWIFT_OPTIMIZATION_LEVEL = "-Onone";
				TARGETED_DEVICE_FAMILY = "1,2";
			};
			name = Debug;
		};
		BCCB05AD1C104C3A00361BAE /* Release */ = {
			isa = XCBuildConfiguration;
			buildSettings = {
				ALWAYS_SEARCH_USER_PATHS = NO;
				CLANG_CXX_LANGUAGE_STANDARD = "gnu++0x";
				CLANG_CXX_LIBRARY = "libc++";
				CLANG_ENABLE_MODULES = YES;
				CLANG_ENABLE_OBJC_ARC = YES;
				CLANG_WARN_BOOL_CONVERSION = YES;
				CLANG_WARN_CONSTANT_CONVERSION = YES;
				CLANG_WARN_DIRECT_OBJC_ISA_USAGE = YES_ERROR;
				CLANG_WARN_EMPTY_BODY = YES;
				CLANG_WARN_ENUM_CONVERSION = YES;
				CLANG_WARN_INT_CONVERSION = YES;
				CLANG_WARN_OBJC_ROOT_CLASS = YES_ERROR;
				CLANG_WARN_UNREACHABLE_CODE = YES;
				CLANG_WARN__DUPLICATE_METHOD_MATCH = YES;
				"CODE_SIGN_IDENTITY[sdk=iphoneos*]" = "iPhone Developer";
				COPY_PHASE_STRIP = NO;
				DEBUG_INFORMATION_FORMAT = "dwarf-with-dsym";
				ENABLE_NS_ASSERTIONS = NO;
				ENABLE_STRICT_OBJC_MSGSEND = YES;
				GCC_C_LANGUAGE_STANDARD = gnu99;
				GCC_NO_COMMON_BLOCKS = YES;
				GCC_WARN_64_TO_32_BIT_CONVERSION = YES;
				GCC_WARN_ABOUT_RETURN_TYPE = YES_ERROR;
				GCC_WARN_UNDECLARED_SELECTOR = YES;
				GCC_WARN_UNINITIALIZED_AUTOS = YES_AGGRESSIVE;
				GCC_WARN_UNUSED_FUNCTION = YES;
				GCC_WARN_UNUSED_VARIABLE = YES;
				IPHONEOS_DEPLOYMENT_TARGET = 9.1;
				MTL_ENABLE_DEBUG_INFO = NO;
				SDKROOT = iphoneos;
				TARGETED_DEVICE_FAMILY = "1,2";
				VALIDATE_PRODUCT = YES;
			};
			name = Release;
		};
		BCCB05AF1C104C3A00361BAE /* Debug */ = {
			isa = XCBuildConfiguration;
			buildSettings = {
				ASSETCATALOG_COMPILER_APPICON_NAME = AppIcon;
				INFOPLIST_FILE = MarsApp/Info.plist;
				LD_RUNPATH_SEARCH_PATHS = "$(inherited) @executable_path/Frameworks";
				PRODUCT_BUNDLE_IDENTIFIER = at.fhooe.mc.MOS5.MarsApp;
				PRODUCT_NAME = "$(TARGET_NAME)";
			};
			name = Debug;
		};
		BCCB05B01C104C3A00361BAE /* Release */ = {
			isa = XCBuildConfiguration;
			buildSettings = {
				ASSETCATALOG_COMPILER_APPICON_NAME = AppIcon;
				INFOPLIST_FILE = MarsApp/Info.plist;
				LD_RUNPATH_SEARCH_PATHS = "$(inherited) @executable_path/Frameworks";
				PRODUCT_BUNDLE_IDENTIFIER = at.fhooe.mc.MOS5.MarsApp;
				PRODUCT_NAME = "$(TARGET_NAME)";
			};
			name = Release;
		};
		BCCB05D51C104D7100361BAE /* Debug */ = {
			isa = XCBuildConfiguration;
			buildSettings = {
				CODE_SIGN_ENTITLEMENTS = "MarsAppWatch Extension/MarsAppWatch Extension.entitlements";
				CODE_SIGN_IDENTITY = "iPhone Developer";
				"CODE_SIGN_IDENTITY[sdk=watchos*]" = "iPhone Developer";
				INFOPLIST_FILE = "MarsAppWatch Extension/Info.plist";
				LD_RUNPATH_SEARCH_PATHS = "$(inherited) @executable_path/Frameworks @executable_path/../../Frameworks";
				PRODUCT_BUNDLE_IDENTIFIER = at.fhooe.mc.MOS5.MarsApp.watchkitapp.watchkitextension;
				PRODUCT_NAME = "${TARGET_NAME}";
				PROVISIONING_PROFILE = "";
				SDKROOT = watchos;
				SKIP_INSTALL = YES;
				TARGETED_DEVICE_FAMILY = 4;
				WATCHOS_DEPLOYMENT_TARGET = 2.0;
			};
			name = Debug;
		};
		BCCB05D61C104D7100361BAE /* Release */ = {
			isa = XCBuildConfiguration;
			buildSettings = {
				CODE_SIGN_ENTITLEMENTS = "MarsAppWatch Extension/MarsAppWatch Extension.entitlements";
				CODE_SIGN_IDENTITY = "iPhone Developer";
				"CODE_SIGN_IDENTITY[sdk=watchos*]" = "iPhone Developer";
				INFOPLIST_FILE = "MarsAppWatch Extension/Info.plist";
				LD_RUNPATH_SEARCH_PATHS = "$(inherited) @executable_path/Frameworks @executable_path/../../Frameworks";
				PRODUCT_BUNDLE_IDENTIFIER = at.fhooe.mc.MOS5.MarsApp.watchkitapp.watchkitextension;
				PRODUCT_NAME = "${TARGET_NAME}";
				PROVISIONING_PROFILE = "";
				SDKROOT = watchos;
				SKIP_INSTALL = YES;
				TARGETED_DEVICE_FAMILY = 4;
				WATCHOS_DEPLOYMENT_TARGET = 2.0;
			};
			name = Release;
		};
		BCCB05D91C104D7100361BAE /* Debug */ = {
			isa = XCBuildConfiguration;
			buildSettings = {
				ASSETCATALOG_COMPILER_APPICON_NAME = AppIcon;
				CODE_SIGN_ENTITLEMENTS = MarsAppWatch/MarsAppWatch.entitlements;
				CODE_SIGN_IDENTITY = "iPhone Developer";
				"CODE_SIGN_IDENTITY[sdk=watchos*]" = "iPhone Developer";
				EMBEDDED_CONTENT_CONTAINS_SWIFT = YES;
				IBSC_MODULE = MarsAppWatch_Extension;
				INFOPLIST_FILE = MarsAppWatch/Info.plist;
				PRODUCT_BUNDLE_IDENTIFIER = at.fhooe.mc.MOS5.MarsApp.watchkitapp;
				PRODUCT_NAME = "$(TARGET_NAME)";
				PROVISIONING_PROFILE = "";
				SDKROOT = watchos;
				SKIP_INSTALL = YES;
				TARGETED_DEVICE_FAMILY = 4;
				WATCHOS_DEPLOYMENT_TARGET = 2.0;
			};
			name = Debug;
		};
		BCCB05DA1C104D7100361BAE /* Release */ = {
			isa = XCBuildConfiguration;
			buildSettings = {
				ASSETCATALOG_COMPILER_APPICON_NAME = AppIcon;
				CODE_SIGN_ENTITLEMENTS = MarsAppWatch/MarsAppWatch.entitlements;
				CODE_SIGN_IDENTITY = "iPhone Developer";
				"CODE_SIGN_IDENTITY[sdk=watchos*]" = "iPhone Developer";
				EMBEDDED_CONTENT_CONTAINS_SWIFT = YES;
				IBSC_MODULE = MarsAppWatch_Extension;
				INFOPLIST_FILE = MarsAppWatch/Info.plist;
				PRODUCT_BUNDLE_IDENTIFIER = at.fhooe.mc.MOS5.MarsApp.watchkitapp;
				PRODUCT_NAME = "$(TARGET_NAME)";
				PROVISIONING_PROFILE = "";
				SDKROOT = watchos;
				SKIP_INSTALL = YES;
				TARGETED_DEVICE_FAMILY = 4;
				WATCHOS_DEPLOYMENT_TARGET = 2.0;
			};
			name = Release;
		};
/* End XCBuildConfiguration section */

/* Begin XCConfigurationList section */
		BCCB05951C104C3A00361BAE /* Build configuration list for PBXProject "MarsApp" */ = {
			isa = XCConfigurationList;
			buildConfigurations = (
				BCCB05AC1C104C3A00361BAE /* Debug */,
				BCCB05AD1C104C3A00361BAE /* Release */,
			);
			defaultConfigurationIsVisible = 0;
			defaultConfigurationName = Release;
		};
		BCCB05AE1C104C3A00361BAE /* Build configuration list for PBXNativeTarget "MarsApp" */ = {
			isa = XCConfigurationList;
			buildConfigurations = (
				BCCB05AF1C104C3A00361BAE /* Debug */,
				BCCB05B01C104C3A00361BAE /* Release */,
			);
			defaultConfigurationIsVisible = 0;
			defaultConfigurationName = Release;
		};
		BCCB05D41C104D7100361BAE /* Build configuration list for PBXNativeTarget "MarsAppWatch Extension" */ = {
			isa = XCConfigurationList;
			buildConfigurations = (
				BCCB05D51C104D7100361BAE /* Debug */,
				BCCB05D61C104D7100361BAE /* Release */,
			);
			defaultConfigurationIsVisible = 0;
			defaultConfigurationName = Release;
		};
		BCCB05D81C104D7100361BAE /* Build configuration list for PBXNativeTarget "MarsAppWatch" */ = {
			isa = XCConfigurationList;
			buildConfigurations = (
				BCCB05D91C104D7100361BAE /* Debug */,
				BCCB05DA1C104D7100361BAE /* Release */,
			);
			defaultConfigurationIsVisible = 0;
			defaultConfigurationName = Release;
		};
/* End XCConfigurationList section */
	};
	rootObject = BCCB05921C104C3A00361BAE /* Project object */;
}
