// !$*UTF8*$!
{
	archiveVersion = 1;
	classes = {
	};
	objectVersion = 46;
	objects = {

/* Begin PBXBuildFile section */
		BC1FCFC61C1ACF2D00F95BB4 /* HealthManager.swift in Sources */ = {isa = PBXBuildFile; fileRef = BC1FCFC51C1ACF2D00F95BB4 /* HealthManager.swift */; };
		BC1FCFC81C1ACF6A00F95BB4 /* HeartRate.swift in Sources */ = {isa = PBXBuildFile; fileRef = BC1FCFC71C1ACF6A00F95BB4 /* HeartRate.swift */; };
		BC3144B41C184D7200C07CC6 /* SignInTableViewController.swift in Sources */ = {isa = PBXBuildFile; fileRef = BC3144B31C184D7200C07CC6 /* SignInTableViewController.swift */; };
		BCD79C2F1C181A18004FACF6 /* ServerConnector.swift in Sources */ = {isa = PBXBuildFile; fileRef = BCD79C2E1C181A18004FACF6 /* ServerConnector.swift */; };
		BCD79C331C18249B004FACF6 /* ObjectToStringDelegate.swift in Sources */ = {isa = PBXBuildFile; fileRef = BCD79C321C18249B004FACF6 /* ObjectToStringDelegate.swift */; };
		BCD79C351C182861004FACF6 /* Person.swift in Sources */ = {isa = PBXBuildFile; fileRef = BCD79C341C182861004FACF6 /* Person.swift */; };
		BCEF80BC1C11C57E0043534E /* AppDelegate.swift in Sources */ = {isa = PBXBuildFile; fileRef = BCEF80BB1C11C57E0043534E /* AppDelegate.swift */; };
		BCEF80BE1C11C57E0043534E /* PedoViewController.swift in Sources */ = {isa = PBXBuildFile; fileRef = BCEF80BD1C11C57E0043534E /* PedoViewController.swift */; };
		BCEF80C01C11C57E0043534E /* StatisticViewController.swift in Sources */ = {isa = PBXBuildFile; fileRef = BCEF80BF1C11C57E0043534E /* StatisticViewController.swift */; };
		BCEF80C51C11C57E0043534E /* Assets.xcassets in Resources */ = {isa = PBXBuildFile; fileRef = BCEF80C41C11C57E0043534E /* Assets.xcassets */; };
		BCEF80C81C11C57E0043534E /* LaunchScreen.storyboard in Resources */ = {isa = PBXBuildFile; fileRef = BCEF80C61C11C57E0043534E /* LaunchScreen.storyboard */; };
		BCEF80D11C11C5CB0043534E /* HealthKit.framework in Frameworks */ = {isa = PBXBuildFile; fileRef = BCEF80D01C11C5CB0043534E /* HealthKit.framework */; };
		BCEF80D51C11C6700043534E /* HeartViewController.swift in Sources */ = {isa = PBXBuildFile; fileRef = BCEF80D41C11C6700043534E /* HeartViewController.swift */; };
		BCEF80D71C11C6A70043534E /* Main.storyboard in Resources */ = {isa = PBXBuildFile; fileRef = BCEF80D61C11C6A70043534E /* Main.storyboard */; };
		BCEF80D91C11C7230043534E /* Pedometer.swift in Sources */ = {isa = PBXBuildFile; fileRef = BCEF80D81C11C7230043534E /* Pedometer.swift */; };
		DF3D740F1C184E1900C3C7E1 /* Interface.storyboard in Resources */ = {isa = PBXBuildFile; fileRef = DF3D740D1C184E1900C3C7E1 /* Interface.storyboard */; };
		DF3D74111C184E1900C3C7E1 /* Assets.xcassets in Resources */ = {isa = PBXBuildFile; fileRef = DF3D74101C184E1900C3C7E1 /* Assets.xcassets */; };
		DF3D74181C184E1900C3C7E1 /* MOS5Watch Extension.appex in Embed App Extensions */ = {isa = PBXBuildFile; fileRef = DF3D74171C184E1900C3C7E1 /* MOS5Watch Extension.appex */; settings = {ATTRIBUTES = (RemoveHeadersOnCopy, ); }; };
		DF3D741F1C184E1900C3C7E1 /* InterfaceController.swift in Sources */ = {isa = PBXBuildFile; fileRef = DF3D741E1C184E1900C3C7E1 /* InterfaceController.swift */; };
		DF3D74211C184E1900C3C7E1 /* ExtensionDelegate.swift in Sources */ = {isa = PBXBuildFile; fileRef = DF3D74201C184E1900C3C7E1 /* ExtensionDelegate.swift */; };
		DF3D74231C184E1900C3C7E1 /* NotificationController.swift in Sources */ = {isa = PBXBuildFile; fileRef = DF3D74221C184E1900C3C7E1 /* NotificationController.swift */; };
		DF3D74251C184E1900C3C7E1 /* GlanceController.swift in Sources */ = {isa = PBXBuildFile; fileRef = DF3D74241C184E1900C3C7E1 /* GlanceController.swift */; };
		DF3D74271C184E1900C3C7E1 /* Assets.xcassets in Resources */ = {isa = PBXBuildFile; fileRef = DF3D74261C184E1900C3C7E1 /* Assets.xcassets */; };
		DF3D742B1C184E1900C3C7E1 /* MOS5Watch.app in Embed Watch Content */ = {isa = PBXBuildFile; fileRef = DF3D740B1C184E1900C3C7E1 /* MOS5Watch.app */; };
		DF7732581C1998E100C4D95F /* Steps.swift in Sources */ = {isa = PBXBuildFile; fileRef = DF7732571C1998E100C4D95F /* Steps.swift */; };
/* End PBXBuildFile section */

/* Begin PBXContainerItemProxy section */
		DF3D74191C184E1900C3C7E1 /* PBXContainerItemProxy */ = {
			isa = PBXContainerItemProxy;
			containerPortal = BCEF80B01C11C57E0043534E /* Project object */;
			proxyType = 1;
			remoteGlobalIDString = DF3D74161C184E1900C3C7E1;
			remoteInfo = "MOS5Watch Extension";
		};
		DF3D74291C184E1900C3C7E1 /* PBXContainerItemProxy */ = {
			isa = PBXContainerItemProxy;
			containerPortal = BCEF80B01C11C57E0043534E /* Project object */;
			proxyType = 1;
			remoteGlobalIDString = DF3D740A1C184E1900C3C7E1;
			remoteInfo = MOS5Watch;
		};
/* End PBXContainerItemProxy section */

/* Begin PBXCopyFilesBuildPhase section */
		DF3D74311C184E1900C3C7E1 /* Embed App Extensions */ = {
			isa = PBXCopyFilesBuildPhase;
			buildActionMask = 2147483647;
			dstPath = "";
			dstSubfolderSpec = 13;
			files = (
				DF3D74181C184E1900C3C7E1 /* MOS5Watch Extension.appex in Embed App Extensions */,
			);
			name = "Embed App Extensions";
			runOnlyForDeploymentPostprocessing = 0;
		};
		DF3D74331C184E1900C3C7E1 /* Embed Watch Content */ = {
			isa = PBXCopyFilesBuildPhase;
			buildActionMask = 2147483647;
			dstPath = "$(CONTENTS_FOLDER_PATH)/Watch";
			dstSubfolderSpec = 16;
			files = (
				DF3D742B1C184E1900C3C7E1 /* MOS5Watch.app in Embed Watch Content */,
			);
			name = "Embed Watch Content";
			runOnlyForDeploymentPostprocessing = 0;
		};
/* End PBXCopyFilesBuildPhase section */

/* Begin PBXFileReference section */
		BC1FCFC51C1ACF2D00F95BB4 /* HealthManager.swift */ = {isa = PBXFileReference; fileEncoding = 4; lastKnownFileType = sourcecode.swift; path = HealthManager.swift; sourceTree = "<group>"; };
		BC1FCFC71C1ACF6A00F95BB4 /* HeartRate.swift */ = {isa = PBXFileReference; fileEncoding = 4; lastKnownFileType = sourcecode.swift; path = HeartRate.swift; sourceTree = "<group>"; };
		BC3144B31C184D7200C07CC6 /* SignInTableViewController.swift */ = {isa = PBXFileReference; fileEncoding = 4; lastKnownFileType = sourcecode.swift; path = SignInTableViewController.swift; sourceTree = "<group>"; };
		BCD79C2E1C181A18004FACF6 /* ServerConnector.swift */ = {isa = PBXFileReference; fileEncoding = 4; lastKnownFileType = sourcecode.swift; path = ServerConnector.swift; sourceTree = "<group>"; };
		BCD79C321C18249B004FACF6 /* ObjectToStringDelegate.swift */ = {isa = PBXFileReference; fileEncoding = 4; lastKnownFileType = sourcecode.swift; path = ObjectToStringDelegate.swift; sourceTree = "<group>"; };
		BCD79C341C182861004FACF6 /* Person.swift */ = {isa = PBXFileReference; fileEncoding = 4; lastKnownFileType = sourcecode.swift; path = Person.swift; sourceTree = "<group>"; };
		BCEF80B81C11C57E0043534E /* MOS5.app */ = {isa = PBXFileReference; explicitFileType = wrapper.application; includeInIndex = 0; path = MOS5.app; sourceTree = BUILT_PRODUCTS_DIR; };
		BCEF80BB1C11C57E0043534E /* AppDelegate.swift */ = {isa = PBXFileReference; lastKnownFileType = sourcecode.swift; path = AppDelegate.swift; sourceTree = "<group>"; };
		BCEF80BD1C11C57E0043534E /* PedoViewController.swift */ = {isa = PBXFileReference; lastKnownFileType = sourcecode.swift; path = PedoViewController.swift; sourceTree = "<group>"; };
		BCEF80BF1C11C57E0043534E /* StatisticViewController.swift */ = {isa = PBXFileReference; lastKnownFileType = sourcecode.swift; path = StatisticViewController.swift; sourceTree = "<group>"; };
		BCEF80C41C11C57E0043534E /* Assets.xcassets */ = {isa = PBXFileReference; lastKnownFileType = folder.assetcatalog; path = Assets.xcassets; sourceTree = "<group>"; };
		BCEF80C71C11C57E0043534E /* Base */ = {isa = PBXFileReference; lastKnownFileType = file.storyboard; name = Base; path = Base.lproj/LaunchScreen.storyboard; sourceTree = "<group>"; };
		BCEF80C91C11C57E0043534E /* Info.plist */ = {isa = PBXFileReference; lastKnownFileType = text.plist.xml; path = Info.plist; sourceTree = "<group>"; };
		BCEF80CF1C11C5CB0043534E /* MOS5.entitlements */ = {isa = PBXFileReference; lastKnownFileType = text.xml; path = MOS5.entitlements; sourceTree = "<group>"; };
		BCEF80D01C11C5CB0043534E /* HealthKit.framework */ = {isa = PBXFileReference; lastKnownFileType = wrapper.framework; name = HealthKit.framework; path = System/Library/Frameworks/HealthKit.framework; sourceTree = SDKROOT; };
		BCEF80D41C11C6700043534E /* HeartViewController.swift */ = {isa = PBXFileReference; fileEncoding = 4; lastKnownFileType = sourcecode.swift; path = HeartViewController.swift; sourceTree = "<group>"; };
		BCEF80D61C11C6A70043534E /* Main.storyboard */ = {isa = PBXFileReference; fileEncoding = 4; lastKnownFileType = file.storyboard; path = Main.storyboard; sourceTree = "<group>"; };
		BCEF80D81C11C7230043534E /* Pedometer.swift */ = {isa = PBXFileReference; fileEncoding = 4; lastKnownFileType = sourcecode.swift; path = Pedometer.swift; sourceTree = "<group>"; };
		DF3D740B1C184E1900C3C7E1 /* MOS5Watch.app */ = {isa = PBXFileReference; explicitFileType = wrapper.application; includeInIndex = 0; path = MOS5Watch.app; sourceTree = BUILT_PRODUCTS_DIR; };
		DF3D740E1C184E1900C3C7E1 /* Base */ = {isa = PBXFileReference; lastKnownFileType = file.storyboard; name = Base; path = Base.lproj/Interface.storyboard; sourceTree = "<group>"; };
		DF3D74101C184E1900C3C7E1 /* Assets.xcassets */ = {isa = PBXFileReference; lastKnownFileType = folder.assetcatalog; path = Assets.xcassets; sourceTree = "<group>"; };
		DF3D74121C184E1900C3C7E1 /* Info.plist */ = {isa = PBXFileReference; lastKnownFileType = text.plist.xml; path = Info.plist; sourceTree = "<group>"; };
		DF3D74171C184E1900C3C7E1 /* MOS5Watch Extension.appex */ = {isa = PBXFileReference; explicitFileType = "wrapper.app-extension"; includeInIndex = 0; path = "MOS5Watch Extension.appex"; sourceTree = BUILT_PRODUCTS_DIR; };
		DF3D741D1C184E1900C3C7E1 /* PushNotificationPayload.apns */ = {isa = PBXFileReference; lastKnownFileType = text; path = PushNotificationPayload.apns; sourceTree = "<group>"; };
		DF3D741E1C184E1900C3C7E1 /* InterfaceController.swift */ = {isa = PBXFileReference; lastKnownFileType = sourcecode.swift; path = InterfaceController.swift; sourceTree = "<group>"; };
		DF3D74201C184E1900C3C7E1 /* ExtensionDelegate.swift */ = {isa = PBXFileReference; lastKnownFileType = sourcecode.swift; path = ExtensionDelegate.swift; sourceTree = "<group>"; };
		DF3D74221C184E1900C3C7E1 /* NotificationController.swift */ = {isa = PBXFileReference; lastKnownFileType = sourcecode.swift; path = NotificationController.swift; sourceTree = "<group>"; };
		DF3D74241C184E1900C3C7E1 /* GlanceController.swift */ = {isa = PBXFileReference; lastKnownFileType = sourcecode.swift; path = GlanceController.swift; sourceTree = "<group>"; };
		DF3D74261C184E1900C3C7E1 /* Assets.xcassets */ = {isa = PBXFileReference; lastKnownFileType = folder.assetcatalog; path = Assets.xcassets; sourceTree = "<group>"; };
		DF3D74281C184E1900C3C7E1 /* Info.plist */ = {isa = PBXFileReference; lastKnownFileType = text.plist.xml; path = Info.plist; sourceTree = "<group>"; };
		DF3D74341C1851FD00C3C7E1 /* MOS5Watch Extension.entitlements */ = {isa = PBXFileReference; lastKnownFileType = text.xml; path = "MOS5Watch Extension.entitlements"; sourceTree = "<group>"; };
		DF7732571C1998E100C4D95F /* Steps.swift */ = {isa = PBXFileReference; fileEncoding = 4; lastKnownFileType = sourcecode.swift; path = Steps.swift; sourceTree = "<group>"; };
/* End PBXFileReference section */

/* Begin PBXFrameworksBuildPhase section */
		BCEF80B51C11C57E0043534E /* Frameworks */ = {
			isa = PBXFrameworksBuildPhase;
			buildActionMask = 2147483647;
			files = (
				BCEF80D11C11C5CB0043534E /* HealthKit.framework in Frameworks */,
			);
			runOnlyForDeploymentPostprocessing = 0;
		};
		DF3D74141C184E1900C3C7E1 /* Frameworks */ = {
			isa = PBXFrameworksBuildPhase;
			buildActionMask = 2147483647;
			files = (
			);
			runOnlyForDeploymentPostprocessing = 0;
		};
/* End PBXFrameworksBuildPhase section */

/* Begin PBXGroup section */
		BCEF80AF1C11C57E0043534E = {
			isa = PBXGroup;
			children = (
				BCEF80D01C11C5CB0043534E /* HealthKit.framework */,
				BCEF80BA1C11C57E0043534E /* MOS5 */,
				DF3D740C1C184E1900C3C7E1 /* MOS5Watch */,
				DF3D741B1C184E1900C3C7E1 /* MOS5Watch Extension */,
				BCEF80B91C11C57E0043534E /* Products */,
			);
			sourceTree = "<group>";
		};
		BCEF80B91C11C57E0043534E /* Products */ = {
			isa = PBXGroup;
			children = (
				BCEF80B81C11C57E0043534E /* MOS5.app */,
				DF3D740B1C184E1900C3C7E1 /* MOS5Watch.app */,
				DF3D74171C184E1900C3C7E1 /* MOS5Watch Extension.appex */,
			);
			name = Products;
			sourceTree = "<group>";
		};
		BCEF80BA1C11C57E0043534E /* MOS5 */ = {
			isa = PBXGroup;
			children = (
				BCEF80D31C11C61F0043534E /* Controller */,
				BCEF80D21C11C6190043534E /* Model */,
				BCEF80CF1C11C5CB0043534E /* MOS5.entitlements */,
				BCEF80BB1C11C57E0043534E /* AppDelegate.swift */,
				BCEF80BD1C11C57E0043534E /* PedoViewController.swift */,
				BCEF80BF1C11C57E0043534E /* StatisticViewController.swift */,
				BCEF80D61C11C6A70043534E /* Main.storyboard */,
				BCEF80C41C11C57E0043534E /* Assets.xcassets */,
				BCEF80C61C11C57E0043534E /* LaunchScreen.storyboard */,
				BCEF80C91C11C57E0043534E /* Info.plist */,
				BCEF80D41C11C6700043534E /* HeartViewController.swift */,
			);
			path = MOS5;
			sourceTree = "<group>";
		};
		BCEF80D21C11C6190043534E /* Model */ = {
			isa = PBXGroup;
			children = (
				BCEF80D81C11C7230043534E /* Pedometer.swift */,
				BCD79C2E1C181A18004FACF6 /* ServerConnector.swift */,
				BCD79C321C18249B004FACF6 /* ObjectToStringDelegate.swift */,
				BCD79C341C182861004FACF6 /* Person.swift */,
				DF7732571C1998E100C4D95F /* Steps.swift */,
				BC1FCFC51C1ACF2D00F95BB4 /* HealthManager.swift */,
				BC1FCFC71C1ACF6A00F95BB4 /* HeartRate.swift */,
			);
			name = Model;
			sourceTree = "<group>";
		};
		BCEF80D31C11C61F0043534E /* Controller */ = {
			isa = PBXGroup;
			children = (
				BC3144B31C184D7200C07CC6 /* SignInTableViewController.swift */,
			);
			name = Controller;
			sourceTree = "<group>";
		};
		DF3D740C1C184E1900C3C7E1 /* MOS5Watch */ = {
			isa = PBXGroup;
			children = (
				DF3D740D1C184E1900C3C7E1 /* Interface.storyboard */,
				DF3D74101C184E1900C3C7E1 /* Assets.xcassets */,
				DF3D74121C184E1900C3C7E1 /* Info.plist */,
			);
			path = MOS5Watch;
			sourceTree = "<group>";
		};
		DF3D741B1C184E1900C3C7E1 /* MOS5Watch Extension */ = {
			isa = PBXGroup;
			children = (
				DF3D74341C1851FD00C3C7E1 /* MOS5Watch Extension.entitlements */,
				DF3D741E1C184E1900C3C7E1 /* InterfaceController.swift */,
				DF3D74201C184E1900C3C7E1 /* ExtensionDelegate.swift */,
				DF3D74221C184E1900C3C7E1 /* NotificationController.swift */,
				DF3D74241C184E1900C3C7E1 /* GlanceController.swift */,
				DF3D74261C184E1900C3C7E1 /* Assets.xcassets */,
				DF3D74281C184E1900C3C7E1 /* Info.plist */,
				DF3D741C1C184E1900C3C7E1 /* Supporting Files */,
			);
			path = "MOS5Watch Extension";
			sourceTree = "<group>";
		};
		DF3D741C1C184E1900C3C7E1 /* Supporting Files */ = {
			isa = PBXGroup;
			children = (
				DF3D741D1C184E1900C3C7E1 /* PushNotificationPayload.apns */,
			);
			name = "Supporting Files";
			sourceTree = "<group>";
		};
/* End PBXGroup section */

/* Begin PBXNativeTarget section */
		BCEF80B71C11C57E0043534E /* MOS5 */ = {
			isa = PBXNativeTarget;
			buildConfigurationList = BCEF80CC1C11C57E0043534E /* Build configuration list for PBXNativeTarget "MOS5" */;
			buildPhases = (
				BCEF80B41C11C57E0043534E /* Sources */,
				BCEF80B51C11C57E0043534E /* Frameworks */,
				BCEF80B61C11C57E0043534E /* Resources */,
				DF3D74331C184E1900C3C7E1 /* Embed Watch Content */,
			);
			buildRules = (
			);
			dependencies = (
				DF3D742A1C184E1900C3C7E1 /* PBXTargetDependency */,
			);
			name = MOS5;
			productName = MOS5;
			productReference = BCEF80B81C11C57E0043534E /* MOS5.app */;
			productType = "com.apple.product-type.application";
		};
		DF3D740A1C184E1900C3C7E1 /* MOS5Watch */ = {
			isa = PBXNativeTarget;
			buildConfigurationList = DF3D74321C184E1900C3C7E1 /* Build configuration list for PBXNativeTarget "MOS5Watch" */;
			buildPhases = (
				DF3D74091C184E1900C3C7E1 /* Resources */,
				DF3D74311C184E1900C3C7E1 /* Embed App Extensions */,
			);
			buildRules = (
			);
			dependencies = (
				DF3D741A1C184E1900C3C7E1 /* PBXTargetDependency */,
			);
			name = MOS5Watch;
			productName = MOS5Watch;
			productReference = DF3D740B1C184E1900C3C7E1 /* MOS5Watch.app */;
			productType = "com.apple.product-type.application.watchapp2";
		};
		DF3D74161C184E1900C3C7E1 /* MOS5Watch Extension */ = {
			isa = PBXNativeTarget;
			buildConfigurationList = DF3D74301C184E1900C3C7E1 /* Build configuration list for PBXNativeTarget "MOS5Watch Extension" */;
			buildPhases = (
				DF3D74131C184E1900C3C7E1 /* Sources */,
				DF3D74141C184E1900C3C7E1 /* Frameworks */,
				DF3D74151C184E1900C3C7E1 /* Resources */,
			);
			buildRules = (
			);
			dependencies = (
			);
			name = "MOS5Watch Extension";
			productName = "MOS5Watch Extension";
			productReference = DF3D74171C184E1900C3C7E1 /* MOS5Watch Extension.appex */;
			productType = "com.apple.product-type.watchkit2-extension";
		};
/* End PBXNativeTarget section */

/* Begin PBXProject section */
		BCEF80B01C11C57E0043534E /* Project object */ = {
			isa = PBXProject;
			attributes = {
				LastSwiftUpdateCheck = 0710;
				LastUpgradeCheck = 0710;
				ORGANIZATIONNAME = "Niklas Mayr";
				TargetAttributes = {
					BCEF80B71C11C57E0043534E = {
						CreatedOnToolsVersion = 7.1.1;
						DevelopmentTeam = H9V5B53QWB;
						SystemCapabilities = {
							com.apple.ApplicationGroups.iOS = {
								enabled = 1;
							};
							com.apple.HealthKit = {
								enabled = 1;
							};
						};
					};
					DF3D740A1C184E1900C3C7E1 = {
						CreatedOnToolsVersion = 7.1.1;
						DevelopmentTeam = H9V5B53QWB;
					};
					DF3D74161C184E1900C3C7E1 = {
						CreatedOnToolsVersion = 7.1.1;
						SystemCapabilities = {
							com.apple.ApplicationGroups.iOS = {
								enabled = 1;
							};
						};
					};
				};
			};
			buildConfigurationList = BCEF80B31C11C57E0043534E /* Build configuration list for PBXProject "MOS5" */;
			compatibilityVersion = "Xcode 3.2";
			developmentRegion = English;
			hasScannedForEncodings = 0;
			knownRegions = (
				en,
				Base,
			);
			mainGroup = BCEF80AF1C11C57E0043534E;
			productRefGroup = BCEF80B91C11C57E0043534E /* Products */;
			projectDirPath = "";
			projectRoot = "";
			targets = (
				BCEF80B71C11C57E0043534E /* MOS5 */,
				DF3D740A1C184E1900C3C7E1 /* MOS5Watch */,
				DF3D74161C184E1900C3C7E1 /* MOS5Watch Extension */,
			);
		};
/* End PBXProject section */

/* Begin PBXResourcesBuildPhase section */
		BCEF80B61C11C57E0043534E /* Resources */ = {
			isa = PBXResourcesBuildPhase;
			buildActionMask = 2147483647;
			files = (
				BCEF80C81C11C57E0043534E /* LaunchScreen.storyboard in Resources */,
				BCEF80C51C11C57E0043534E /* Assets.xcassets in Resources */,
				BCEF80D71C11C6A70043534E /* Main.storyboard in Resources */,
			);
			runOnlyForDeploymentPostprocessing = 0;
		};
		DF3D74091C184E1900C3C7E1 /* Resources */ = {
			isa = PBXResourcesBuildPhase;
			buildActionMask = 2147483647;
			files = (
				DF3D74111C184E1900C3C7E1 /* Assets.xcassets in Resources */,
				DF3D740F1C184E1900C3C7E1 /* Interface.storyboard in Resources */,
			);
			runOnlyForDeploymentPostprocessing = 0;
		};
		DF3D74151C184E1900C3C7E1 /* Resources */ = {
			isa = PBXResourcesBuildPhase;
			buildActionMask = 2147483647;
			files = (
				DF3D74271C184E1900C3C7E1 /* Assets.xcassets in Resources */,
			);
			runOnlyForDeploymentPostprocessing = 0;
		};
/* End PBXResourcesBuildPhase section */

/* Begin PBXSourcesBuildPhase section */
		BCEF80B41C11C57E0043534E /* Sources */ = {
			isa = PBXSourcesBuildPhase;
			buildActionMask = 2147483647;
			files = (
				BCEF80D91C11C7230043534E /* Pedometer.swift in Sources */,
				DF7732581C1998E100C4D95F /* Steps.swift in Sources */,
				BCEF80C01C11C57E0043534E /* StatisticViewController.swift in Sources */,
				BCD79C331C18249B004FACF6 /* ObjectToStringDelegate.swift in Sources */,
				BC1FCFC61C1ACF2D00F95BB4 /* HealthManager.swift in Sources */,
				BCEF80BC1C11C57E0043534E /* AppDelegate.swift in Sources */,
				BCEF80BE1C11C57E0043534E /* PedoViewController.swift in Sources */,
				BCD79C2F1C181A18004FACF6 /* ServerConnector.swift in Sources */,
				BCD79C351C182861004FACF6 /* Person.swift in Sources */,
				BCEF80D51C11C6700043534E /* HeartViewController.swift in Sources */,
				BC1FCFC81C1ACF6A00F95BB4 /* HeartRate.swift in Sources */,
				BC3144B41C184D7200C07CC6 /* SignInTableViewController.swift in Sources */,
			);
			runOnlyForDeploymentPostprocessing = 0;
		};
		DF3D74131C184E1900C3C7E1 /* Sources */ = {
			isa = PBXSourcesBuildPhase;
			buildActionMask = 2147483647;
			files = (
				DF3D74231C184E1900C3C7E1 /* NotificationController.swift in Sources */,
				DF3D74211C184E1900C3C7E1 /* ExtensionDelegate.swift in Sources */,
				DF3D741F1C184E1900C3C7E1 /* InterfaceController.swift in Sources */,
				DF3D74251C184E1900C3C7E1 /* GlanceController.swift in Sources */,
			);
			runOnlyForDeploymentPostprocessing = 0;
		};
/* End PBXSourcesBuildPhase section */

/* Begin PBXTargetDependency section */
		DF3D741A1C184E1900C3C7E1 /* PBXTargetDependency */ = {
			isa = PBXTargetDependency;
			target = DF3D74161C184E1900C3C7E1 /* MOS5Watch Extension */;
			targetProxy = DF3D74191C184E1900C3C7E1 /* PBXContainerItemProxy */;
		};
		DF3D742A1C184E1900C3C7E1 /* PBXTargetDependency */ = {
			isa = PBXTargetDependency;
			target = DF3D740A1C184E1900C3C7E1 /* MOS5Watch */;
			targetProxy = DF3D74291C184E1900C3C7E1 /* PBXContainerItemProxy */;
		};
/* End PBXTargetDependency section */

/* Begin PBXVariantGroup section */
		BCEF80C61C11C57E0043534E /* LaunchScreen.storyboard */ = {
			isa = PBXVariantGroup;
			children = (
				BCEF80C71C11C57E0043534E /* Base */,
			);
			name = LaunchScreen.storyboard;
			sourceTree = "<group>";
		};
		DF3D740D1C184E1900C3C7E1 /* Interface.storyboard */ = {
			isa = PBXVariantGroup;
			children = (
				DF3D740E1C184E1900C3C7E1 /* Base */,
			);
			name = Interface.storyboard;
			sourceTree = "<group>";
		};
/* End PBXVariantGroup section */

/* Begin XCBuildConfiguration section */
		BCEF80CA1C11C57E0043534E /* Debug */ = {
			isa = XCBuildConfiguration;
			buildSettings = {
				ALWAYS_SEARCH_USER_PATHS = NO;
				CLANG_CXX_LANGUAGE_STANDARD = "gnu++0x";
				CLANG_CXX_LIBRARY = "libc++";
				CLANG_ENABLE_MODULES = YES;
				CLANG_ENABLE_OBJC_ARC = YES;
				CLANG_WARN_BOOL_CONVERSION = YES;
				CLANG_WARN_CONSTANT_CONVERSION = YES;
				CLANG_WARN_DIRECT_OBJC_ISA_USAGE = YES_ERROR;
				CLANG_WARN_EMPTY_BODY = YES;
				CLANG_WARN_ENUM_CONVERSION = YES;
				CLANG_WARN_INT_CONVERSION = YES;
				CLANG_WARN_OBJC_ROOT_CLASS = YES_ERROR;
				CLANG_WARN_UNREACHABLE_CODE = YES;
				CLANG_WARN__DUPLICATE_METHOD_MATCH = YES;
				"CODE_SIGN_IDENTITY[sdk=iphoneos*]" = "iPhone Developer";
				COPY_PHASE_STRIP = NO;
				DEBUG_INFORMATION_FORMAT = dwarf;
				ENABLE_STRICT_OBJC_MSGSEND = YES;
				ENABLE_TESTABILITY = YES;
				GCC_C_LANGUAGE_STANDARD = gnu99;
				GCC_DYNAMIC_NO_PIC = NO;
				GCC_NO_COMMON_BLOCKS = YES;
				GCC_OPTIMIZATION_LEVEL = 0;
				GCC_PREPROCESSOR_DEFINITIONS = (
					"DEBUG=1",
					"$(inherited)",
				);
				GCC_WARN_64_TO_32_BIT_CONVERSION = YES;
				GCC_WARN_ABOUT_RETURN_TYPE = YES_ERROR;
				GCC_WARN_UNDECLARED_SELECTOR = YES;
				GCC_WARN_UNINITIALIZED_AUTOS = YES_AGGRESSIVE;
				GCC_WARN_UNUSED_FUNCTION = YES;
				GCC_WARN_UNUSED_VARIABLE = YES;
				IPHONEOS_DEPLOYMENT_TARGET = 9.1;
				MTL_ENABLE_DEBUG_INFO = YES;
				ONLY_ACTIVE_ARCH = YES;
				SDKROOT = iphoneos;
				SWIFT_OPTIMIZATION_LEVEL = "-Onone";
				TARGETED_DEVICE_FAMILY = "1,2";
			};
			name = Debug;
		};
		BCEF80CB1C11C57E0043534E /* Release */ = {
			isa = XCBuildConfiguration;
			buildSettings = {
				ALWAYS_SEARCH_USER_PATHS = NO;
				CLANG_CXX_LANGUAGE_STANDARD = "gnu++0x";
				CLANG_CXX_LIBRARY = "libc++";
				CLANG_ENABLE_MODULES = YES;
				CLANG_ENABLE_OBJC_ARC = YES;
				CLANG_WARN_BOOL_CONVERSION = YES;
				CLANG_WARN_CONSTANT_CONVERSION = YES;
				CLANG_WARN_DIRECT_OBJC_ISA_USAGE = YES_ERROR;
				CLANG_WARN_EMPTY_BODY = YES;
				CLANG_WARN_ENUM_CONVERSION = YES;
				CLANG_WARN_INT_CONVERSION = YES;
				CLANG_WARN_OBJC_ROOT_CLASS = YES_ERROR;
				CLANG_WARN_UNREACHABLE_CODE = YES;
				CLANG_WARN__DUPLICATE_METHOD_MATCH = YES;
				"CODE_SIGN_IDENTITY[sdk=iphoneos*]" = "iPhone Developer";
				COPY_PHASE_STRIP = NO;
				DEBUG_INFORMATION_FORMAT = "dwarf-with-dsym";
				ENABLE_NS_ASSERTIONS = NO;
				ENABLE_STRICT_OBJC_MSGSEND = YES;
				GCC_C_LANGUAGE_STANDARD = gnu99;
				GCC_NO_COMMON_BLOCKS = YES;
				GCC_WARN_64_TO_32_BIT_CONVERSION = YES;
				GCC_WARN_ABOUT_RETURN_TYPE = YES_ERROR;
				GCC_WARN_UNDECLARED_SELECTOR = YES;
				GCC_WARN_UNINITIALIZED_AUTOS = YES_AGGRESSIVE;
				GCC_WARN_UNUSED_FUNCTION = YES;
				GCC_WARN_UNUSED_VARIABLE = YES;
				IPHONEOS_DEPLOYMENT_TARGET = 9.1;
				MTL_ENABLE_DEBUG_INFO = NO;
				SDKROOT = iphoneos;
				TARGETED_DEVICE_FAMILY = "1,2";
				VALIDATE_PRODUCT = YES;
			};
			name = Release;
		};
		BCEF80CD1C11C57E0043534E /* Debug */ = {
			isa = XCBuildConfiguration;
			buildSettings = {
				ASSETCATALOG_COMPILER_APPICON_NAME = AppIcon;
				CODE_SIGN_ENTITLEMENTS = MOS5/MOS5.entitlements;
				INFOPLIST_FILE = MOS5/Info.plist;
				LD_RUNPATH_SEARCH_PATHS = "$(inherited) @executable_path/Frameworks";
				PRODUCT_BUNDLE_IDENTIFIER = at.fhooe.MOS5;
				PRODUCT_NAME = "$(TARGET_NAME)";
			};
			name = Debug;
		};
		BCEF80CE1C11C57E0043534E /* Release */ = {
			isa = XCBuildConfiguration;
			buildSettings = {
				ASSETCATALOG_COMPILER_APPICON_NAME = AppIcon;
				CODE_SIGN_ENTITLEMENTS = MOS5/MOS5.entitlements;
				INFOPLIST_FILE = MOS5/Info.plist;
				LD_RUNPATH_SEARCH_PATHS = "$(inherited) @executable_path/Frameworks";
				PRODUCT_BUNDLE_IDENTIFIER = at.fhooe.MOS5;
				PRODUCT_NAME = "$(TARGET_NAME)";
			};
			name = Release;
		};
		DF3D742C1C184E1900C3C7E1 /* Debug */ = {
			isa = XCBuildConfiguration;
			buildSettings = {
				ASSETCATALOG_COMPILER_APPICON_NAME = AppIcon;
				EMBEDDED_CONTENT_CONTAINS_SWIFT = YES;
				IBSC_MODULE = MOS5Watch_Extension;
				INFOPLIST_FILE = MOS5Watch/Info.plist;
				PRODUCT_BUNDLE_IDENTIFIER = at.fhooe.MOS5.watchkitapp;
				PRODUCT_NAME = "$(TARGET_NAME)";
				SDKROOT = watchos;
				SKIP_INSTALL = YES;
				TARGETED_DEVICE_FAMILY = 4;
				WATCHOS_DEPLOYMENT_TARGET = 2.0;
			};
			name = Debug;
		};
		DF3D742D1C184E1900C3C7E1 /* Release */ = {
			isa = XCBuildConfiguration;
			buildSettings = {
				ASSETCATALOG_COMPILER_APPICON_NAME = AppIcon;
				EMBEDDED_CONTENT_CONTAINS_SWIFT = YES;
				IBSC_MODULE = MOS5Watch_Extension;
				INFOPLIST_FILE = MOS5Watch/Info.plist;
				PRODUCT_BUNDLE_IDENTIFIER = at.fhooe.MOS5.watchkitapp;
				PRODUCT_NAME = "$(TARGET_NAME)";
				SDKROOT = watchos;
				SKIP_INSTALL = YES;
				TARGETED_DEVICE_FAMILY = 4;
				WATCHOS_DEPLOYMENT_TARGET = 2.0;
			};
			name = Release;
		};
		DF3D742E1C184E1900C3C7E1 /* Debug */ = {
			isa = XCBuildConfiguration;
			buildSettings = {
				CODE_SIGN_ENTITLEMENTS = "MOS5Watch Extension/MOS5Watch Extension.entitlements";
				CODE_SIGN_IDENTITY = "iPhone Developer";
				"CODE_SIGN_IDENTITY[sdk=watchos*]" = "iPhone Developer";
				INFOPLIST_FILE = "MOS5Watch Extension/Info.plist";
				LD_RUNPATH_SEARCH_PATHS = "$(inherited) @executable_path/Frameworks @executable_path/../../Frameworks";
				PRODUCT_BUNDLE_IDENTIFIER = at.fhooe.MOS5.watchkitapp.watchkitextension;
				PRODUCT_NAME = "${TARGET_NAME}";
				PROVISIONING_PROFILE = "";
				SDKROOT = watchos;
				SKIP_INSTALL = YES;
				TARGETED_DEVICE_FAMILY = 4;
				WATCHOS_DEPLOYMENT_TARGET = 2.0;
			};
			name = Debug;
		};
		DF3D742F1C184E1900C3C7E1 /* Release */ = {
			isa = XCBuildConfiguration;
			buildSettings = {
				CODE_SIGN_ENTITLEMENTS = "MOS5Watch Extension/MOS5Watch Extension.entitlements";
				CODE_SIGN_IDENTITY = "iPhone Developer";
				"CODE_SIGN_IDENTITY[sdk=watchos*]" = "iPhone Developer";
				INFOPLIST_FILE = "MOS5Watch Extension/Info.plist";
				LD_RUNPATH_SEARCH_PATHS = "$(inherited) @executable_path/Frameworks @executable_path/../../Frameworks";
				PRODUCT_BUNDLE_IDENTIFIER = at.fhooe.MOS5.watchkitapp.watchkitextension;
				PRODUCT_NAME = "${TARGET_NAME}";
				PROVISIONING_PROFILE = "";
				SDKROOT = watchos;
				SKIP_INSTALL = YES;
				TARGETED_DEVICE_FAMILY = 4;
				WATCHOS_DEPLOYMENT_TARGET = 2.0;
			};
			name = Release;
		};
/* End XCBuildConfiguration section */

/* Begin XCConfigurationList section */
		BCEF80B31C11C57E0043534E /* Build configuration list for PBXProject "MOS5" */ = {
			isa = XCConfigurationList;
			buildConfigurations = (
				BCEF80CA1C11C57E0043534E /* Debug */,
				BCEF80CB1C11C57E0043534E /* Release */,
			);
			defaultConfigurationIsVisible = 0;
			defaultConfigurationName = Release;
		};
		BCEF80CC1C11C57E0043534E /* Build configuration list for PBXNativeTarget "MOS5" */ = {
			isa = XCConfigurationList;
			buildConfigurations = (
				BCEF80CD1C11C57E0043534E /* Debug */,
				BCEF80CE1C11C57E0043534E /* Release */,
			);
			defaultConfigurationIsVisible = 0;
			defaultConfigurationName = Release;
		};
		DF3D74301C184E1900C3C7E1 /* Build configuration list for PBXNativeTarget "MOS5Watch Extension" */ = {
			isa = XCConfigurationList;
			buildConfigurations = (
				DF3D742E1C184E1900C3C7E1 /* Debug */,
				DF3D742F1C184E1900C3C7E1 /* Release */,
			);
			defaultConfigurationIsVisible = 0;
			defaultConfigurationName = Release;
		};
		DF3D74321C184E1900C3C7E1 /* Build configuration list for PBXNativeTarget "MOS5Watch" */ = {
			isa = XCConfigurationList;
			buildConfigurations = (
				DF3D742C1C184E1900C3C7E1 /* Debug */,
				DF3D742D1C184E1900C3C7E1 /* Release */,
			);
			defaultConfigurationIsVisible = 0;
			defaultConfigurationName = Release;
		};
/* End XCConfigurationList section */
	};
	rootObject = BCEF80B01C11C57E0043534E /* Project object */;
}
